{
  "object": {
    "pins": [
      {
        "package": "Cuckoo",
        "repositoryURL": "https://github.com/Brightify/Cuckoo.git",
        "state": {
          "branch": null,
          "revision": "39e05cdf563f90be1652483ce7731d5be45c7153",
          "version": "1.5.1"
        }
      }
    ]
  },
  "version": 1
}
